
Microsoft Visual Studio Solution File, Format Version 12.00
# Visual Studio Version 17
VisualStudioVersion = 17.6.33801.468
MinimumVisualStudioVersion = 10.0.40219.1
Project("{888888A0-9F3D-457C-B088-3A5042F75D52}") = "Exploring_Game_Pygame", "Exploring_Game_Pygame.pyproj", "{9EE679AD-C122-442C-BCF8-19581DC45182}"
EndProject
Global
	GlobalSection(SolutionConfigurationPlatforms) = preSolution
		Debug|Any CPU = Debug|Any CPU
		Release|Any CPU = Release|Any CPU
	EndGlobalSection
	GlobalSection(ProjectConfigurationPlatforms) = postSolution
		{9EE679AD-C122-442C-BCF8-19581DC45182}.Debug|Any CPU.ActiveCfg = Debug|Any CPU
		{9EE679AD-C122-442C-BCF8-19581DC45182}.Release|Any CPU.ActiveCfg = Release|Any CPU
	EndGlobalSection
	GlobalSection(SolutionProperties) = preSolution
		HideSolutionNode = FALSE
	EndGlobalSection
	GlobalSection(ExtensibilityGlobals) = postSolution
		SolutionGuid = {90710060-85A9-48E2-8681-8EDA4F169F00}
	EndGlobalSection
EndGlobal
